
Microsoft Visual Studio Solution File, Format Version 12.00
# Visual Studio Version 16
VisualStudioVersion = 16.0.29418.71
MinimumVisualStudioVersion = 10.0.40219.1
Project("{FAE04EC0-301F-11D3-BF4B-00C04F79EFBC}") = "CS305ProjectPartial", "CS305ProjectPartial\CS305ProjectPartial.csproj", "{C0FCD4A5-8AE0-4DFE-9FC7-0E749B3D7FEE}"
EndProject
Global
	GlobalSection(SolutionConfigurationPlatforms) = preSolution
		Debug|Any CPU = Debug|Any CPU
		Release|Any CPU = Release|Any CPU
	EndGlobalSection
	GlobalSection(ProjectConfigurationPlatforms) = postSolution
		{C0FCD4A5-8AE0-4DFE-9FC7-0E749B3D7FEE}.Debug|Any CPU.ActiveCfg = Debug|Any CPU
		{C0FCD4A5-8AE0-4DFE-9FC7-0E749B3D7FEE}.Debug|Any CPU.Build.0 = Debug|Any CPU
		{C0FCD4A5-8AE0-4DFE-9FC7-0E749B3D7FEE}.Release|Any CPU.ActiveCfg = Release|Any CPU
		{C0FCD4A5-8AE0-4DFE-9FC7-0E749B3D7FEE}.Release|Any CPU.Build.0 = Release|Any CPU
	EndGlobalSection
	GlobalSection(SolutionProperties) = preSolution
		HideSolutionNode = FALSE
	EndGlobalSection
	GlobalSection(ExtensibilityGlobals) = postSolution
		SolutionGuid = {3F7E167A-373E-4263-AC40-83A15CD4A07C}
	EndGlobalSection
EndGlobal
